# This file is automatically @generated by Wally.
# It is not intended for manual editing.
registry = "test"

[[package]]
name = "lucasmzreal/fastsignal"
version = "10.2.1"
dependencies = []

[[package]]
name = "maker/draggable"
version = "0.1.0"
dependencies = [["Signal", "lucasmzreal/fastsignal@10.2.1"]]
